// !$*UTF8*$!
{
	archiveVersion = 1;
	classes = {
	};
	objectVersion = 55;
	objects = {

/* Begin PBXBuildFile section */
		220D1D81288F93D4009B450A /* Movies.swift in Sources */ = {isa = PBXBuildFile; fileRef = 220D1D80288F93D4009B450A /* Movies.swift */; };
		220D1D83288F9821009B450A /* SelectedMovieView.swift in Sources */ = {isa = PBXBuildFile; fileRef = 220D1D82288F9821009B450A /* SelectedMovieView.swift */; };
		220D1D85288F9F92009B450A /* MovieDetailsViewModel.swift in Sources */ = {isa = PBXBuildFile; fileRef = 220D1D84288F9F92009B450A /* MovieDetailsViewModel.swift */; };
		220D1D88288FB454009B450A /* Color+Gradient.swift in Sources */ = {isa = PBXBuildFile; fileRef = 220D1D87288FB454009B450A /* Color+Gradient.swift */; };
		220D1D8A288FC38E009B450A /* SimilarMoviesCell.swift in Sources */ = {isa = PBXBuildFile; fileRef = 220D1D89288FC38E009B450A /* SimilarMoviesCell.swift */; };
		220FF534288B335D00865BC1 /* DesafioMobile2YouApp.swift in Sources */ = {isa = PBXBuildFile; fileRef = 220FF533288B335D00865BC1 /* DesafioMobile2YouApp.swift */; };
		220FF536288B335D00865BC1 /* MovieDetailsView.swift in Sources */ = {isa = PBXBuildFile; fileRef = 220FF535288B335D00865BC1 /* MovieDetailsView.swift */; };
		220FF538288B335E00865BC1 /* Assets.xcassets in Resources */ = {isa = PBXBuildFile; fileRef = 220FF537288B335E00865BC1 /* Assets.xcassets */; };
		220FF53B288B335E00865BC1 /* Preview Assets.xcassets in Resources */ = {isa = PBXBuildFile; fileRef = 220FF53A288B335E00865BC1 /* Preview Assets.xcassets */; };
		224E0303288EDCDC004981BE /* Services.swift in Sources */ = {isa = PBXBuildFile; fileRef = 224E0302288EDCDC004981BE /* Services.swift */; };
		224E0309288EDFBF004981BE /* Movie.swift in Sources */ = {isa = PBXBuildFile; fileRef = 224E0308288EDFBF004981BE /* Movie.swift */; };
		224E030D288EEFAE004981BE /* Genres.swift in Sources */ = {isa = PBXBuildFile; fileRef = 224E030C288EEFAE004981BE /* Genres.swift */; };
		224E030F288EF2AF004981BE /* MovieService.swift in Sources */ = {isa = PBXBuildFile; fileRef = 224E030E288EF2AF004981BE /* MovieService.swift */; };
		224E0311288EF791004981BE /* MovieError.swift in Sources */ = {isa = PBXBuildFile; fileRef = 224E0310288EF791004981BE /* MovieError.swift */; };
		224E0313288F0182004981BE /* ServiceTest.swift in Sources */ = {isa = PBXBuildFile; fileRef = 224E0312288F0182004981BE /* ServiceTest.swift */; };
		224E0315288F683B004981BE /* MockMovie.json in Resources */ = {isa = PBXBuildFile; fileRef = 224E0314288F683B004981BE /* MockMovie.json */; };
		224E031A288F689B004981BE /* MockService.swift in Sources */ = {isa = PBXBuildFile; fileRef = 224E0319288F689B004981BE /* MockService.swift */; };
		224E031E288F713C004981BE /* MockSimilars.json in Resources */ = {isa = PBXBuildFile; fileRef = 224E031D288F713C004981BE /* MockSimilars.json */; };
		224E0320288F79D8004981BE /* MockEmpty.json in Resources */ = {isa = PBXBuildFile; fileRef = 224E031F288F79D8004981BE /* MockEmpty.json */; };
/* End PBXBuildFile section */

/* Begin PBXContainerItemProxy section */
		220FF541288B335E00865BC1 /* PBXContainerItemProxy */ = {
			isa = PBXContainerItemProxy;
			containerPortal = 220FF528288B335D00865BC1 /* Project object */;
			proxyType = 1;
			remoteGlobalIDString = 220FF52F288B335D00865BC1;
			remoteInfo = DesafioMobile2You;
		};
/* End PBXContainerItemProxy section */

/* Begin PBXFileReference section */
		220D1D80288F93D4009B450A /* Movies.swift */ = {isa = PBXFileReference; lastKnownFileType = sourcecode.swift; path = Movies.swift; sourceTree = "<group>"; };
		220D1D82288F9821009B450A /* SelectedMovieView.swift */ = {isa = PBXFileReference; lastKnownFileType = sourcecode.swift; path = SelectedMovieView.swift; sourceTree = "<group>"; };
		220D1D84288F9F92009B450A /* MovieDetailsViewModel.swift */ = {isa = PBXFileReference; lastKnownFileType = sourcecode.swift; path = MovieDetailsViewModel.swift; sourceTree = "<group>"; };
		220D1D87288FB454009B450A /* Color+Gradient.swift */ = {isa = PBXFileReference; lastKnownFileType = sourcecode.swift; path = "Color+Gradient.swift"; sourceTree = "<group>"; };
		220D1D89288FC38E009B450A /* SimilarMoviesCell.swift */ = {isa = PBXFileReference; lastKnownFileType = sourcecode.swift; path = SimilarMoviesCell.swift; sourceTree = "<group>"; };
		220FF530288B335D00865BC1 /* DesafioMobile2You.app */ = {isa = PBXFileReference; explicitFileType = wrapper.application; includeInIndex = 0; path = DesafioMobile2You.app; sourceTree = BUILT_PRODUCTS_DIR; };
		220FF533288B335D00865BC1 /* DesafioMobile2YouApp.swift */ = {isa = PBXFileReference; lastKnownFileType = sourcecode.swift; path = DesafioMobile2YouApp.swift; sourceTree = "<group>"; };
		220FF535288B335D00865BC1 /* MovieDetailsView.swift */ = {isa = PBXFileReference; lastKnownFileType = sourcecode.swift; path = MovieDetailsView.swift; sourceTree = "<group>"; };
		220FF537288B335E00865BC1 /* Assets.xcassets */ = {isa = PBXFileReference; lastKnownFileType = folder.assetcatalog; path = Assets.xcassets; sourceTree = "<group>"; };
		220FF53A288B335E00865BC1 /* Preview Assets.xcassets */ = {isa = PBXFileReference; lastKnownFileType = folder.assetcatalog; path = "Preview Assets.xcassets"; sourceTree = "<group>"; };
		220FF540288B335E00865BC1 /* DesafioMobile2YouTests.xctest */ = {isa = PBXFileReference; explicitFileType = wrapper.cfbundle; includeInIndex = 0; path = DesafioMobile2YouTests.xctest; sourceTree = BUILT_PRODUCTS_DIR; };
		224E0302288EDCDC004981BE /* Services.swift */ = {isa = PBXFileReference; lastKnownFileType = sourcecode.swift; path = Services.swift; sourceTree = "<group>"; };
		224E0308288EDFBF004981BE /* Movie.swift */ = {isa = PBXFileReference; lastKnownFileType = sourcecode.swift; name = Movie.swift; path = DesafioMobile2You/Services/Movie.swift; sourceTree = SOURCE_ROOT; };
		224E030C288EEFAE004981BE /* Genres.swift */ = {isa = PBXFileReference; lastKnownFileType = sourcecode.swift; path = Genres.swift; sourceTree = "<group>"; };
		224E030E288EF2AF004981BE /* MovieService.swift */ = {isa = PBXFileReference; lastKnownFileType = sourcecode.swift; path = MovieService.swift; sourceTree = "<group>"; };
		224E0310288EF791004981BE /* MovieError.swift */ = {isa = PBXFileReference; lastKnownFileType = sourcecode.swift; path = MovieError.swift; sourceTree = "<group>"; };
		224E0312288F0182004981BE /* ServiceTest.swift */ = {isa = PBXFileReference; lastKnownFileType = sourcecode.swift; path = ServiceTest.swift; sourceTree = "<group>"; };
		224E0314288F683B004981BE /* MockMovie.json */ = {isa = PBXFileReference; lastKnownFileType = text.json; name = MockMovie.json; path = MockData/MockMovie.json; sourceTree = "<group>"; };
		224E0319288F689B004981BE /* MockService.swift */ = {isa = PBXFileReference; lastKnownFileType = sourcecode.swift; name = MockService.swift; path = MockData/MockService.swift; sourceTree = "<group>"; };
		224E031D288F713C004981BE /* MockSimilars.json */ = {isa = PBXFileReference; lastKnownFileType = text.json; name = MockSimilars.json; path = MockData/MockSimilars.json; sourceTree = "<group>"; };
		224E031F288F79D8004981BE /* MockEmpty.json */ = {isa = PBXFileReference; lastKnownFileType = text.json; name = MockEmpty.json; path = MockData/MockEmpty.json; sourceTree = "<group>"; };
/* End PBXFileReference section */

/* Begin PBXFrameworksBuildPhase section */
		220FF52D288B335D00865BC1 /* Frameworks */ = {
			isa = PBXFrameworksBuildPhase;
			buildActionMask = 2147483647;
			files = (
			);
			runOnlyForDeploymentPostprocessing = 0;
		};
		220FF53D288B335E00865BC1 /* Frameworks */ = {
			isa = PBXFrameworksBuildPhase;
			buildActionMask = 2147483647;
			files = (
			);
			runOnlyForDeploymentPostprocessing = 0;
		};
/* End PBXFrameworksBuildPhase section */

/* Begin PBXGroup section */
		220D1D86288FB434009B450A /* Extensions */ = {
			isa = PBXGroup;
			children = (
				220D1D87288FB454009B450A /* Color+Gradient.swift */,
			);
			path = Extensions;
			sourceTree = "<group>";
		};
		220FF527288B335D00865BC1 = {
			isa = PBXGroup;
			children = (
				220FF532288B335D00865BC1 /* DesafioMobile2You */,
				220FF543288B335E00865BC1 /* DesafioMobile2YouTests */,
				220FF531288B335D00865BC1 /* Products */,
			);
			sourceTree = "<group>";
		};
		220FF531288B335D00865BC1 /* Products */ = {
			isa = PBXGroup;
			children = (
				220FF530288B335D00865BC1 /* DesafioMobile2You.app */,
				220FF540288B335E00865BC1 /* DesafioMobile2YouTests.xctest */,
			);
			name = Products;
			sourceTree = "<group>";
		};
		220FF532288B335D00865BC1 /* DesafioMobile2You */ = {
			isa = PBXGroup;
			children = (
				220D1D86288FB434009B450A /* Extensions */,
				224E0301288EDCC4004981BE /* Services */,
				220FF561288B698200865BC1 /* Model */,
				220FF560288B697A00865BC1 /* ViewModel */,
				220FF55F288B696100865BC1 /* Resources */,
				220FF55E288B602E00865BC1 /* View */,
				220FF55D288B5F4500865BC1 /* Core */,
			);
			path = DesafioMobile2You;
			sourceTree = "<group>";
		};
		220FF539288B335E00865BC1 /* Preview Content */ = {
			isa = PBXGroup;
			children = (
				220FF53A288B335E00865BC1 /* Preview Assets.xcassets */,
			);
			path = "Preview Content";
			sourceTree = "<group>";
		};
		220FF543288B335E00865BC1 /* DesafioMobile2YouTests */ = {
			isa = PBXGroup;
			children = (
				224E0317288F687E004981BE /* MockData */,
				224E0312288F0182004981BE /* ServiceTest.swift */,
			);
			path = DesafioMobile2YouTests;
			sourceTree = "<group>";
		};
		220FF55D288B5F4500865BC1 /* Core */ = {
			isa = PBXGroup;
			children = (
				220FF533288B335D00865BC1 /* DesafioMobile2YouApp.swift */,
			);
			path = Core;
			sourceTree = "<group>";
		};
		220FF55E288B602E00865BC1 /* View */ = {
			isa = PBXGroup;
			children = (
				220FF535288B335D00865BC1 /* MovieDetailsView.swift */,
				220D1D82288F9821009B450A /* SelectedMovieView.swift */,
				220D1D89288FC38E009B450A /* SimilarMoviesCell.swift */,
			);
			path = View;
			sourceTree = "<group>";
		};
		220FF55F288B696100865BC1 /* Resources */ = {
			isa = PBXGroup;
			children = (
				220FF537288B335E00865BC1 /* Assets.xcassets */,
				220FF539288B335E00865BC1 /* Preview Content */,
			);
			path = Resources;
			sourceTree = "<group>";
		};
		220FF560288B697A00865BC1 /* ViewModel */ = {
			isa = PBXGroup;
			children = (
				220D1D84288F9F92009B450A /* MovieDetailsViewModel.swift */,
			);
			name = ViewModel;
			sourceTree = "<group>";
		};
		220FF561288B698200865BC1 /* Model */ = {
			isa = PBXGroup;
			children = (
				224E0308288EDFBF004981BE /* Movie.swift */,
				224E030C288EEFAE004981BE /* Genres.swift */,
				220D1D80288F93D4009B450A /* Movies.swift */,
			);
			name = Model;
			sourceTree = "<group>";
		};
		224E0301288EDCC4004981BE /* Services */ = {
			isa = PBXGroup;
			children = (
				224E0302288EDCDC004981BE /* Services.swift */,
				224E030E288EF2AF004981BE /* MovieService.swift */,
				224E0310288EF791004981BE /* MovieError.swift */,
			);
			path = Services;
			sourceTree = "<group>";
		};
		224E0317288F687E004981BE /* MockData */ = {
			isa = PBXGroup;
			children = (
				224E0314288F683B004981BE /* MockMovie.json */,
				224E031D288F713C004981BE /* MockSimilars.json */,
				224E031F288F79D8004981BE /* MockEmpty.json */,
				224E0319288F689B004981BE /* MockService.swift */,
			);
			name = MockData;
			sourceTree = "<group>";
		};
/* End PBXGroup section */

/* Begin PBXNativeTarget section */
		220FF52F288B335D00865BC1 /* DesafioMobile2You */ = {
			isa = PBXNativeTarget;
			buildConfigurationList = 220FF554288B335E00865BC1 /* Build configuration list for PBXNativeTarget "DesafioMobile2You" */;
			buildPhases = (
				220FF52C288B335D00865BC1 /* Sources */,
				220FF52D288B335D00865BC1 /* Frameworks */,
				220FF52E288B335D00865BC1 /* Resources */,
			);
			buildRules = (
			);
			dependencies = (
			);
			name = DesafioMobile2You;
			productName = DesafioMobile2You;
			productReference = 220FF530288B335D00865BC1 /* DesafioMobile2You.app */;
			productType = "com.apple.product-type.application";
		};
		220FF53F288B335E00865BC1 /* DesafioMobile2YouTests */ = {
			isa = PBXNativeTarget;
			buildConfigurationList = 220FF557288B335E00865BC1 /* Build configuration list for PBXNativeTarget "DesafioMobile2YouTests" */;
			buildPhases = (
				220FF53C288B335E00865BC1 /* Sources */,
				220FF53D288B335E00865BC1 /* Frameworks */,
				220FF53E288B335E00865BC1 /* Resources */,
			);
			buildRules = (
			);
			dependencies = (
				220FF542288B335E00865BC1 /* PBXTargetDependency */,
			);
			name = DesafioMobile2YouTests;
			productName = DesafioMobile2YouTests;
			productReference = 220FF540288B335E00865BC1 /* DesafioMobile2YouTests.xctest */;
			productType = "com.apple.product-type.bundle.unit-test";
		};
/* End PBXNativeTarget section */

/* Begin PBXProject section */
		220FF528288B335D00865BC1 /* Project object */ = {
			isa = PBXProject;
			attributes = {
				BuildIndependentTargetsInParallel = 1;
				LastSwiftUpdateCheck = 1340;
				LastUpgradeCheck = 1340;
				TargetAttributes = {
					220FF52F288B335D00865BC1 = {
						CreatedOnToolsVersion = 13.4.1;
					};
					220FF53F288B335E00865BC1 = {
						CreatedOnToolsVersion = 13.4.1;
						TestTargetID = 220FF52F288B335D00865BC1;
					};
				};
			};
			buildConfigurationList = 220FF52B288B335D00865BC1 /* Build configuration list for PBXProject "DesafioMobile2You" */;
			compatibilityVersion = "Xcode 13.0";
			developmentRegion = en;
			hasScannedForEncodings = 0;
			knownRegions = (
				en,
				Base,
			);
			mainGroup = 220FF527288B335D00865BC1;
			productRefGroup = 220FF531288B335D00865BC1 /* Products */;
			projectDirPath = "";
			projectRoot = "";
			targets = (
				220FF52F288B335D00865BC1 /* DesafioMobile2You */,
				220FF53F288B335E00865BC1 /* DesafioMobile2YouTests */,
			);
		};
/* End PBXProject section */

/* Begin PBXResourcesBuildPhase section */
		220FF52E288B335D00865BC1 /* Resources */ = {
			isa = PBXResourcesBuildPhase;
			buildActionMask = 2147483647;
			files = (
				220FF53B288B335E00865BC1 /* Preview Assets.xcassets in Resources */,
				220FF538288B335E00865BC1 /* Assets.xcassets in Resources */,
			);
			runOnlyForDeploymentPostprocessing = 0;
		};
		220FF53E288B335E00865BC1 /* Resources */ = {
			isa = PBXResourcesBuildPhase;
			buildActionMask = 2147483647;
			files = (
				224E0320288F79D8004981BE /* MockEmpty.json in Resources */,
				224E0315288F683B004981BE /* MockMovie.json in Resources */,
				224E031E288F713C004981BE /* MockSimilars.json in Resources */,
			);
			runOnlyForDeploymentPostprocessing = 0;
		};
/* End PBXResourcesBuildPhase section */

/* Begin PBXSourcesBuildPhase section */
		220FF52C288B335D00865BC1 /* Sources */ = {
			isa = PBXSourcesBuildPhase;
			buildActionMask = 2147483647;
			files = (
				220D1D85288F9F92009B450A /* MovieDetailsViewModel.swift in Sources */,
				220FF536288B335D00865BC1 /* MovieDetailsView.swift in Sources */,
				220D1D8A288FC38E009B450A /* SimilarMoviesCell.swift in Sources */,
				220D1D83288F9821009B450A /* SelectedMovieView.swift in Sources */,
				224E030F288EF2AF004981BE /* MovieService.swift in Sources */,
				224E030D288EEFAE004981BE /* Genres.swift in Sources */,
				224E0303288EDCDC004981BE /* Services.swift in Sources */,
				220D1D81288F93D4009B450A /* Movies.swift in Sources */,
				224E0311288EF791004981BE /* MovieError.swift in Sources */,
				224E0309288EDFBF004981BE /* Movie.swift in Sources */,
				220FF534288B335D00865BC1 /* DesafioMobile2YouApp.swift in Sources */,
				220D1D88288FB454009B450A /* Color+Gradient.swift in Sources */,
			);
			runOnlyForDeploymentPostprocessing = 0;
		};
		220FF53C288B335E00865BC1 /* Sources */ = {
			isa = PBXSourcesBuildPhase;
			buildActionMask = 2147483647;
			files = (
				224E0313288F0182004981BE /* ServiceTest.swift in Sources */,
				224E031A288F689B004981BE /* MockService.swift in Sources */,
			);
			runOnlyForDeploymentPostprocessing = 0;
		};
/* End PBXSourcesBuildPhase section */

/* Begin PBXTargetDependency section */
		220FF542288B335E00865BC1 /* PBXTargetDependency */ = {
			isa = PBXTargetDependency;
			target = 220FF52F288B335D00865BC1 /* DesafioMobile2You */;
			targetProxy = 220FF541288B335E00865BC1 /* PBXContainerItemProxy */;
		};
/* End PBXTargetDependency section */

/* Begin XCBuildConfiguration section */
		220FF552288B335E00865BC1 /* Debug */ = {
			isa = XCBuildConfiguration;
			buildSettings = {
				ALWAYS_SEARCH_USER_PATHS = NO;
				CLANG_ANALYZER_NONNULL = YES;
				CLANG_ANALYZER_NUMBER_OBJECT_CONVERSION = YES_AGGRESSIVE;
				CLANG_CXX_LANGUAGE_STANDARD = "gnu++17";
				CLANG_ENABLE_MODULES = YES;
				CLANG_ENABLE_OBJC_ARC = YES;
				CLANG_ENABLE_OBJC_WEAK = YES;
				CLANG_WARN_BLOCK_CAPTURE_AUTORELEASING = YES;
				CLANG_WARN_BOOL_CONVERSION = YES;
				CLANG_WARN_COMMA = YES;
				CLANG_WARN_CONSTANT_CONVERSION = YES;
				CLANG_WARN_DEPRECATED_OBJC_IMPLEMENTATIONS = YES;
				CLANG_WARN_DIRECT_OBJC_ISA_USAGE = YES_ERROR;
				CLANG_WARN_DOCUMENTATION_COMMENTS = YES;
				CLANG_WARN_EMPTY_BODY = YES;
				CLANG_WARN_ENUM_CONVERSION = YES;
				CLANG_WARN_INFINITE_RECURSION = YES;
				CLANG_WARN_INT_CONVERSION = YES;
				CLANG_WARN_NON_LITERAL_NULL_CONVERSION = YES;
				CLANG_WARN_OBJC_IMPLICIT_RETAIN_SELF = YES;
				CLANG_WARN_OBJC_LITERAL_CONVERSION = YES;
				CLANG_WARN_OBJC_ROOT_CLASS = YES_ERROR;
				CLANG_WARN_QUOTED_INCLUDE_IN_FRAMEWORK_HEADER = YES;
				CLANG_WARN_RANGE_LOOP_ANALYSIS = YES;
				CLANG_WARN_STRICT_PROTOTYPES = YES;
				CLANG_WARN_SUSPICIOUS_MOVE = YES;
				CLANG_WARN_UNGUARDED_AVAILABILITY = YES_AGGRESSIVE;
				CLANG_WARN_UNREACHABLE_CODE = YES;
				CLANG_WARN__DUPLICATE_METHOD_MATCH = YES;
				COPY_PHASE_STRIP = NO;
				DEBUG_INFORMATION_FORMAT = dwarf;
				ENABLE_STRICT_OBJC_MSGSEND = YES;
				ENABLE_TESTABILITY = YES;
				GCC_C_LANGUAGE_STANDARD = gnu11;
				GCC_DYNAMIC_NO_PIC = NO;
				GCC_NO_COMMON_BLOCKS = YES;
				GCC_OPTIMIZATION_LEVEL = 0;
				GCC_PREPROCESSOR_DEFINITIONS = (
					"DEBUG=1",
					"$(inherited)",
				);
				GCC_WARN_64_TO_32_BIT_CONVERSION = YES;
				GCC_WARN_ABOUT_RETURN_TYPE = YES_ERROR;
				GCC_WARN_UNDECLARED_SELECTOR = YES;
				GCC_WARN_UNINITIALIZED_AUTOS = YES_AGGRESSIVE;
				GCC_WARN_UNUSED_FUNCTION = YES;
				GCC_WARN_UNUSED_VARIABLE = YES;
				IPHONEOS_DEPLOYMENT_TARGET = 15.5;
				MTL_ENABLE_DEBUG_INFO = INCLUDE_SOURCE;
				MTL_FAST_MATH = YES;
				ONLY_ACTIVE_ARCH = YES;
				SDKROOT = iphoneos;
				SWIFT_ACTIVE_COMPILATION_CONDITIONS = DEBUG;
				SWIFT_OPTIMIZATION_LEVEL = "-Onone";
			};
			name = Debug;
		};
		220FF553288B335E00865BC1 /* Release */ = {
			isa = XCBuildConfiguration;
			buildSettings = {
				ALWAYS_SEARCH_USER_PATHS = NO;
				CLANG_ANALYZER_NONNULL = YES;
				CLANG_ANALYZER_NUMBER_OBJECT_CONVERSION = YES_AGGRESSIVE;
				CLANG_CXX_LANGUAGE_STANDARD = "gnu++17";
				CLANG_ENABLE_MODULES = YES;
				CLANG_ENABLE_OBJC_ARC = YES;
				CLANG_ENABLE_OBJC_WEAK = YES;
				CLANG_WARN_BLOCK_CAPTURE_AUTORELEASING = YES;
				CLANG_WARN_BOOL_CONVERSION = YES;
				CLANG_WARN_COMMA = YES;
				CLANG_WARN_CONSTANT_CONVERSION = YES;
				CLANG_WARN_DEPRECATED_OBJC_IMPLEMENTATIONS = YES;
				CLANG_WARN_DIRECT_OBJC_ISA_USAGE = YES_ERROR;
				CLANG_WARN_DOCUMENTATION_COMMENTS = YES;
				CLANG_WARN_EMPTY_BODY = YES;
				CLANG_WARN_ENUM_CONVERSION = YES;
				CLANG_WARN_INFINITE_RECURSION = YES;
				CLANG_WARN_INT_CONVERSION = YES;
				CLANG_WARN_NON_LITERAL_NULL_CONVERSION = YES;
				CLANG_WARN_OBJC_IMPLICIT_RETAIN_SELF = YES;
				CLANG_WARN_OBJC_LITERAL_CONVERSION = YES;
				CLANG_WARN_OBJC_ROOT_CLASS = YES_ERROR;
				CLANG_WARN_QUOTED_INCLUDE_IN_FRAMEWORK_HEADER = YES;
				CLANG_WARN_RANGE_LOOP_ANALYSIS = YES;
				CLANG_WARN_STRICT_PROTOTYPES = YES;
				CLANG_WARN_SUSPICIOUS_MOVE = YES;
				CLANG_WARN_UNGUARDED_AVAILABILITY = YES_AGGRESSIVE;
				CLANG_WARN_UNREACHABLE_CODE = YES;
				CLANG_WARN__DUPLICATE_METHOD_MATCH = YES;
				COPY_PHASE_STRIP = NO;
				DEBUG_INFORMATION_FORMAT = "dwarf-with-dsym";
				ENABLE_NS_ASSERTIONS = NO;
				ENABLE_STRICT_OBJC_MSGSEND = YES;
				GCC_C_LANGUAGE_STANDARD = gnu11;
				GCC_NO_COMMON_BLOCKS = YES;
				GCC_WARN_64_TO_32_BIT_CONVERSION = YES;
				GCC_WARN_ABOUT_RETURN_TYPE = YES_ERROR;
				GCC_WARN_UNDECLARED_SELECTOR = YES;
				GCC_WARN_UNINITIALIZED_AUTOS = YES_AGGRESSIVE;
				GCC_WARN_UNUSED_FUNCTION = YES;
				GCC_WARN_UNUSED_VARIABLE = YES;
				IPHONEOS_DEPLOYMENT_TARGET = 15.5;
				MTL_ENABLE_DEBUG_INFO = NO;
				MTL_FAST_MATH = YES;
				SDKROOT = iphoneos;
				SWIFT_COMPILATION_MODE = wholemodule;
				SWIFT_OPTIMIZATION_LEVEL = "-O";
				VALIDATE_PRODUCT = YES;
			};
			name = Release;
		};
		220FF555288B335E00865BC1 /* Debug */ = {
			isa = XCBuildConfiguration;
			buildSettings = {
				ASSETCATALOG_COMPILER_APPICON_NAME = AppIcon;
				ASSETCATALOG_COMPILER_GLOBAL_ACCENT_COLOR_NAME = AccentColor;
				CODE_SIGN_STYLE = Automatic;
				CURRENT_PROJECT_VERSION = 1;
				DEVELOPMENT_ASSET_PATHS = "\"DesafioMobile2You/Resources/Preview Content\"";
				DEVELOPMENT_TEAM = 53RZF4C2P7;
				ENABLE_PREVIEWS = YES;
				GENERATE_INFOPLIST_FILE = YES;
				INFOPLIST_KEY_UIApplicationSceneManifest_Generation = YES;
				INFOPLIST_KEY_UIApplicationSupportsIndirectInputEvents = YES;
				INFOPLIST_KEY_UILaunchScreen_Generation = YES;
				INFOPLIST_KEY_UISupportedInterfaceOrientations_iPad = "UIInterfaceOrientationPortrait UIInterfaceOrientationPortraitUpsideDown UIInterfaceOrientationLandscapeLeft UIInterfaceOrientationLandscapeRight";
				INFOPLIST_KEY_UISupportedInterfaceOrientations_iPhone = "UIInterfaceOrientationPortrait UIInterfaceOrientationLandscapeLeft UIInterfaceOrientationLandscapeRight";
				LD_RUNPATH_SEARCH_PATHS = (
					"$(inherited)",
					"@executable_path/Frameworks",
				);
				MARKETING_VERSION = 1.0;
				PRODUCT_BUNDLE_IDENTIFIER = Caliope.DesafioMobile2You;
				PRODUCT_NAME = "$(TARGET_NAME)";
				SWIFT_EMIT_LOC_STRINGS = YES;
				SWIFT_VERSION = 5.0;
				TARGETED_DEVICE_FAMILY = "1,2";
			};
			name = Debug;
		};
		220FF556288B335E00865BC1 /* Release */ = {
			isa = XCBuildConfiguration;
			buildSettings = {
				ASSETCATALOG_COMPILER_APPICON_NAME = AppIcon;
				ASSETCATALOG_COMPILER_GLOBAL_ACCENT_COLOR_NAME = AccentColor;
				CODE_SIGN_STYLE = Automatic;
				CURRENT_PROJECT_VERSION = 1;
				DEVELOPMENT_ASSET_PATHS = "\"DesafioMobile2You/Resources/Preview Content\"";
				DEVELOPMENT_TEAM = 53RZF4C2P7;
				ENABLE_PREVIEWS = YES;
				GENERATE_INFOPLIST_FILE = YES;
				INFOPLIST_KEY_UIApplicationSceneManifest_Generation = YES;
				INFOPLIST_KEY_UIApplicationSupportsIndirectInputEvents = YES;
				INFOPLIST_KEY_UILaunchScreen_Generation = YES;
				INFOPLIST_KEY_UISupportedInterfaceOrientations_iPad = "UIInterfaceOrientationPortrait UIInterfaceOrientationPortraitUpsideDown UIInterfaceOrientationLandscapeLeft UIInterfaceOrientationLandscapeRight";
				INFOPLIST_KEY_UISupportedInterfaceOrientations_iPhone = "UIInterfaceOrientationPortrait UIInterfaceOrientationLandscapeLeft UIInterfaceOrientationLandscapeRight";
				LD_RUNPATH_SEARCH_PATHS = (
					"$(inherited)",
					"@executable_path/Frameworks",
				);
				MARKETING_VERSION = 1.0;
				PRODUCT_BUNDLE_IDENTIFIER = Caliope.DesafioMobile2You;
				PRODUCT_NAME = "$(TARGET_NAME)";
				SWIFT_EMIT_LOC_STRINGS = YES;
				SWIFT_VERSION = 5.0;
				TARGETED_DEVICE_FAMILY = "1,2";
			};
			name = Release;
		};
		220FF558288B335E00865BC1 /* Debug */ = {
			isa = XCBuildConfiguration;
			buildSettings = {
				ALWAYS_EMBED_SWIFT_STANDARD_LIBRARIES = YES;
				BUNDLE_LOADER = "$(TEST_HOST)";
				CODE_SIGN_STYLE = Automatic;
				CURRENT_PROJECT_VERSION = 1;
				DEVELOPMENT_TEAM = 53RZF4C2P7;
				GENERATE_INFOPLIST_FILE = YES;
				IPHONEOS_DEPLOYMENT_TARGET = 15.5;
				MARKETING_VERSION = 1.0;
				PRODUCT_BUNDLE_IDENTIFIER = Caliope.DesafioMobile2YouTests;
				PRODUCT_NAME = "$(TARGET_NAME)";
				SWIFT_EMIT_LOC_STRINGS = NO;
				SWIFT_VERSION = 5.0;
				TARGETED_DEVICE_FAMILY = "1,2";
				TEST_HOST = "$(BUILT_PRODUCTS_DIR)/DesafioMobile2You.app/DesafioMobile2You";
			};
			name = Debug;
		};
		220FF559288B335E00865BC1 /* Release */ = {
			isa = XCBuildConfiguration;
			buildSettings = {
				ALWAYS_EMBED_SWIFT_STANDARD_LIBRARIES = YES;
				BUNDLE_LOADER = "$(TEST_HOST)";
				CODE_SIGN_STYLE = Automatic;
				CURRENT_PROJECT_VERSION = 1;
				DEVELOPMENT_TEAM = 53RZF4C2P7;
				GENERATE_INFOPLIST_FILE = YES;
				IPHONEOS_DEPLOYMENT_TARGET = 15.5;
				MARKETING_VERSION = 1.0;
				PRODUCT_BUNDLE_IDENTIFIER = Caliope.DesafioMobile2YouTests;
				PRODUCT_NAME = "$(TARGET_NAME)";
				SWIFT_EMIT_LOC_STRINGS = NO;
				SWIFT_VERSION = 5.0;
				TARGETED_DEVICE_FAMILY = "1,2";
				TEST_HOST = "$(BUILT_PRODUCTS_DIR)/DesafioMobile2You.app/DesafioMobile2You";
			};
			name = Release;
		};
/* End XCBuildConfiguration section */

/* Begin XCConfigurationList section */
		220FF52B288B335D00865BC1 /* Build configuration list for PBXProject "DesafioMobile2You" */ = {
			isa = XCConfigurationList;
			buildConfigurations = (
				220FF552288B335E00865BC1 /* Debug */,
				220FF553288B335E00865BC1 /* Release */,
			);
			defaultConfigurationIsVisible = 0;
			defaultConfigurationName = Release;
		};
		220FF554288B335E00865BC1 /* Build configuration list for PBXNativeTarget "DesafioMobile2You" */ = {
			isa = XCConfigurationList;
			buildConfigurations = (
				220FF555288B335E00865BC1 /* Debug */,
				220FF556288B335E00865BC1 /* Release */,
			);
			defaultConfigurationIsVisible = 0;
			defaultConfigurationName = Release;
		};
		220FF557288B335E00865BC1 /* Build configuration list for PBXNativeTarget "DesafioMobile2YouTests" */ = {
			isa = XCConfigurationList;
			buildConfigurations = (
				220FF558288B335E00865BC1 /* Debug */,
				220FF559288B335E00865BC1 /* Release */,
			);
			defaultConfigurationIsVisible = 0;
			defaultConfigurationName = Release;
		};
/* End XCConfigurationList section */
	};
	rootObject = 220FF528288B335D00865BC1 /* Project object */;
}
